// !$*UTF8*$!
{
	archiveVersion = 1;
	classes = {
	};
	objectVersion = 46;
	objects = {

/* Begin PBXBuildFile section */
		C72DE146149EFC4A00E505D5 /* Markdown-readme.jaml in CopyFiles */ = {isa = PBXBuildFile; fileRef = C72DE144149EFC3D00E505D5 /* Markdown-readme.jaml */; };
		C72DE14C14A007C100E505D5 /* JHMulticastDelegate.m in Sources */ = {isa = PBXBuildFile; fileRef = C72DE14B14A007C100E505D5 /* JHMulticastDelegate.m */; };
		C7628E6E1492EB7000DD3C34 /* Foundation.framework in Frameworks */ = {isa = PBXBuildFile; fileRef = C7628E6D1492EB7000DD3C34 /* Foundation.framework */; };
		C7628E711492EB7000DD3C34 /* main.m in Sources */ = {isa = PBXBuildFile; fileRef = C7628E701492EB7000DD3C34 /* main.m */; };
		C7628E7F1492EBB100DD3C34 /* JHJAMLParser.m in Sources */ = {isa = PBXBuildFile; fileRef = C7628E7C1492EBB100DD3C34 /* JHJAMLParser.m */; };
		C7628E801492EBB100DD3C34 /* JHJAMLHTMLDelegate.m in Sources */ = {isa = PBXBuildFile; fileRef = C7628E7E1492EBB100DD3C34 /* JHJAMLHTMLDelegate.m */; };
		C7628E821492EBE400DD3C34 /* sample.jaml in CopyFiles */ = {isa = PBXBuildFile; fileRef = C7628E811492EBBC00DD3C34 /* sample.jaml */; };
		C7E49AD11624FF7900C01B83 /* Cocoa.framework in Frameworks */ = {isa = PBXBuildFile; fileRef = C7E49ABB1624FF2300C01B83 /* Cocoa.framework */; };
		C7E49AD71624FF7900C01B83 /* InfoPlist.strings in Resources */ = {isa = PBXBuildFile; fileRef = C7E49AD51624FF7900C01B83 /* InfoPlist.strings */; };
		C7E49ADF1624FFB300C01B83 /* JHJAMLParser.m in Sources */ = {isa = PBXBuildFile; fileRef = C7628E7C1492EBB100DD3C34 /* JHJAMLParser.m */; };
		C7E49AE01624FFB300C01B83 /* JHJAMLHTMLDelegate.m in Sources */ = {isa = PBXBuildFile; fileRef = C7628E7E1492EBB100DD3C34 /* JHJAMLHTMLDelegate.m */; };
		C7E49AE11624FFB300C01B83 /* JHMulticastDelegate.m in Sources */ = {isa = PBXBuildFile; fileRef = C72DE14B14A007C100E505D5 /* JHMulticastDelegate.m */; };
		C7E49AE21624FFC400C01B83 /* JHJAMLParser.h in Headers */ = {isa = PBXBuildFile; fileRef = C7628E7B1492EBB100DD3C34 /* JHJAMLParser.h */; settings = {ATTRIBUTES = (Public, ); }; };
		C7E49AE31624FFC400C01B83 /* JHJAMLHTMLDelegate.h in Headers */ = {isa = PBXBuildFile; fileRef = C7628E7D1492EBB100DD3C34 /* JHJAMLHTMLDelegate.h */; settings = {ATTRIBUTES = (Public, ); }; };
		C7E49AE41624FFC400C01B83 /* JHMulticastDelegate.h in Headers */ = {isa = PBXBuildFile; fileRef = C72DE14A14A007C100E505D5 /* JHMulticastDelegate.h */; settings = {ATTRIBUTES = (Public, ); }; };
/* End PBXBuildFile section */

/* Begin PBXCopyFilesBuildPhase section */
		C7628E671492EB7000DD3C34 /* CopyFiles */ = {
			isa = PBXCopyFilesBuildPhase;
			buildActionMask = 12;
			dstPath = "";
			dstSubfolderSpec = 16;
			files = (
				C72DE146149EFC4A00E505D5 /* Markdown-readme.jaml in CopyFiles */,
				C7628E821492EBE400DD3C34 /* sample.jaml in CopyFiles */,
			);
			runOnlyForDeploymentPostprocessing = 0;
		};
/* End PBXCopyFilesBuildPhase section */

/* Begin PBXFileReference section */
		C72DE144149EFC3D00E505D5 /* Markdown-readme.jaml */ = {isa = PBXFileReference; fileEncoding = 4; lastKnownFileType = text; path = "Markdown-readme.jaml"; sourceTree = "<group>"; };
		C72DE14A14A007C100E505D5 /* JHMulticastDelegate.h */ = {isa = PBXFileReference; fileEncoding = 4; lastKnownFileType = sourcecode.c.h; path = JHMulticastDelegate.h; sourceTree = "<group>"; };
		C72DE14B14A007C100E505D5 /* JHMulticastDelegate.m */ = {isa = PBXFileReference; fileEncoding = 4; lastKnownFileType = sourcecode.c.objc; path = JHMulticastDelegate.m; sourceTree = "<group>"; };
		C7628E691492EB7000DD3C34 /* jaml-parser */ = {isa = PBXFileReference; explicitFileType = "compiled.mach-o.executable"; includeInIndex = 0; path = "jaml-parser"; sourceTree = BUILT_PRODUCTS_DIR; };
		C7628E6D1492EB7000DD3C34 /* Foundation.framework */ = {isa = PBXFileReference; lastKnownFileType = wrapper.framework; name = Foundation.framework; path = System/Library/Frameworks/Foundation.framework; sourceTree = SDKROOT; };
		C7628E701492EB7000DD3C34 /* main.m */ = {isa = PBXFileReference; lastKnownFileType = sourcecode.c.objc; path = main.m; sourceTree = "<group>"; };
		C7628E731492EB7000DD3C34 /* jaml-parser-Prefix.pch */ = {isa = PBXFileReference; lastKnownFileType = sourcecode.c.h; path = "jaml-parser-Prefix.pch"; sourceTree = "<group>"; };
		C7628E7B1492EBB100DD3C34 /* JHJAMLParser.h */ = {isa = PBXFileReference; fileEncoding = 4; lastKnownFileType = sourcecode.c.h; path = JHJAMLParser.h; sourceTree = "<group>"; };
		C7628E7C1492EBB100DD3C34 /* JHJAMLParser.m */ = {isa = PBXFileReference; fileEncoding = 4; lastKnownFileType = sourcecode.c.objc; path = JHJAMLParser.m; sourceTree = "<group>"; };
		C7628E7D1492EBB100DD3C34 /* JHJAMLHTMLDelegate.h */ = {isa = PBXFileReference; fileEncoding = 4; lastKnownFileType = sourcecode.c.h; path = JHJAMLHTMLDelegate.h; sourceTree = "<group>"; };
		C7628E7E1492EBB100DD3C34 /* JHJAMLHTMLDelegate.m */ = {isa = PBXFileReference; fileEncoding = 4; lastKnownFileType = sourcecode.c.objc; path = JHJAMLHTMLDelegate.m; sourceTree = "<group>"; };
		C7628E811492EBBC00DD3C34 /* sample.jaml */ = {isa = PBXFileReference; fileEncoding = 4; lastKnownFileType = text; path = sample.jaml; sourceTree = "<group>"; };
		C7E49ABB1624FF2300C01B83 /* Cocoa.framework */ = {isa = PBXFileReference; lastKnownFileType = wrapper.framework; name = Cocoa.framework; path = System/Library/Frameworks/Cocoa.framework; sourceTree = SDKROOT; };
		C7E49ABE1624FF2300C01B83 /* AppKit.framework */ = {isa = PBXFileReference; lastKnownFileType = wrapper.framework; name = AppKit.framework; path = System/Library/Frameworks/AppKit.framework; sourceTree = SDKROOT; };
		C7E49ABF1624FF2300C01B83 /* CoreData.framework */ = {isa = PBXFileReference; lastKnownFileType = wrapper.framework; name = CoreData.framework; path = System/Library/Frameworks/CoreData.framework; sourceTree = SDKROOT; };
		C7E49AC01624FF2300C01B83 /* Foundation.framework */ = {isa = PBXFileReference; lastKnownFileType = wrapper.framework; name = Foundation.framework; path = System/Library/Frameworks/Foundation.framework; sourceTree = SDKROOT; };
		C7E49AD01624FF7900C01B83 /* JAMLParser.framework */ = {isa = PBXFileReference; explicitFileType = wrapper.framework; includeInIndex = 0; path = JAMLParser.framework; sourceTree = BUILT_PRODUCTS_DIR; };
		C7E49AD41624FF7900C01B83 /* JAMLParser-Info.plist */ = {isa = PBXFileReference; lastKnownFileType = text.plist.xml; path = "JAMLParser-Info.plist"; sourceTree = "<group>"; };
		C7E49AD61624FF7900C01B83 /* en */ = {isa = PBXFileReference; lastKnownFileType = text.plist.strings; name = en; path = en.lproj/InfoPlist.strings; sourceTree = "<group>"; };
		C7E49AD81624FF7900C01B83 /* JAMLParser-Prefix.pch */ = {isa = PBXFileReference; lastKnownFileType = sourcecode.c.h; path = "JAMLParser-Prefix.pch"; sourceTree = "<group>"; };
/* End PBXFileReference section */

/* Begin PBXFrameworksBuildPhase section */
		C7628E661492EB7000DD3C34 /* Frameworks */ = {
			isa = PBXFrameworksBuildPhase;
			buildActionMask = 2147483647;
			files = (
				C7628E6E1492EB7000DD3C34 /* Foundation.framework in Frameworks */,
			);
			runOnlyForDeploymentPostprocessing = 0;
		};
		C7E49ACC1624FF7900C01B83 /* Frameworks */ = {
			isa = PBXFrameworksBuildPhase;
			buildActionMask = 2147483647;
			files = (
				C7E49AD11624FF7900C01B83 /* Cocoa.framework in Frameworks */,
			);
			runOnlyForDeploymentPostprocessing = 0;
		};
/* End PBXFrameworksBuildPhase section */

/* Begin PBXGroup section */
		C7628E5E1492EB7000DD3C34 = {
			isa = PBXGroup;
			children = (
				C7628E6F1492EB7000DD3C34 /* jaml-parser */,
				C7E49AD21624FF7900C01B83 /* JAMLParser */,
				C7628E6C1492EB7000DD3C34 /* Frameworks */,
				C7628E6A1492EB7000DD3C34 /* Products */,
			);
			sourceTree = "<group>";
		};
		C7628E6A1492EB7000DD3C34 /* Products */ = {
			isa = PBXGroup;
			children = (
				C7628E691492EB7000DD3C34 /* jaml-parser */,
				C7E49AD01624FF7900C01B83 /* JAMLParser.framework */,
			);
			name = Products;
			sourceTree = "<group>";
		};
		C7628E6C1492EB7000DD3C34 /* Frameworks */ = {
			isa = PBXGroup;
			children = (
				C7628E6D1492EB7000DD3C34 /* Foundation.framework */,
				C7E49ABB1624FF2300C01B83 /* Cocoa.framework */,
				C7E49ABD1624FF2300C01B83 /* Other Frameworks */,
			);
			name = Frameworks;
			sourceTree = "<group>";
		};
		C7628E6F1492EB7000DD3C34 /* jaml-parser */ = {
			isa = PBXGroup;
			children = (
				C7628E7B1492EBB100DD3C34 /* JHJAMLParser.h */,
				C7628E7C1492EBB100DD3C34 /* JHJAMLParser.m */,
				C7628E7D1492EBB100DD3C34 /* JHJAMLHTMLDelegate.h */,
				C7628E7E1492EBB100DD3C34 /* JHJAMLHTMLDelegate.m */,
				C72DE14A14A007C100E505D5 /* JHMulticastDelegate.h */,
				C72DE14B14A007C100E505D5 /* JHMulticastDelegate.m */,
				C7628E701492EB7000DD3C34 /* main.m */,
				C7628E721492EB7000DD3C34 /* Supporting Files */,
			);
			path = "jaml-parser";
			sourceTree = "<group>";
		};
		C7628E721492EB7000DD3C34 /* Supporting Files */ = {
			isa = PBXGroup;
			children = (
				C72DE144149EFC3D00E505D5 /* Markdown-readme.jaml */,
				C7628E811492EBBC00DD3C34 /* sample.jaml */,
				C7628E731492EB7000DD3C34 /* jaml-parser-Prefix.pch */,
			);
			name = "Supporting Files";
			sourceTree = "<group>";
		};
		C7E49ABD1624FF2300C01B83 /* Other Frameworks */ = {
			isa = PBXGroup;
			children = (
				C7E49ABE1624FF2300C01B83 /* AppKit.framework */,
				C7E49ABF1624FF2300C01B83 /* CoreData.framework */,
				C7E49AC01624FF2300C01B83 /* Foundation.framework */,
			);
			name = "Other Frameworks";
			sourceTree = "<group>";
		};
		C7E49AD21624FF7900C01B83 /* JAMLParser */ = {
			isa = PBXGroup;
			children = (
				C7E49AD31624FF7900C01B83 /* Supporting Files */,
			);
			path = JAMLParser;
			sourceTree = "<group>";
		};
		C7E49AD31624FF7900C01B83 /* Supporting Files */ = {
			isa = PBXGroup;
			children = (
				C7E49AD41624FF7900C01B83 /* JAMLParser-Info.plist */,
				C7E49AD51624FF7900C01B83 /* InfoPlist.strings */,
				C7E49AD81624FF7900C01B83 /* JAMLParser-Prefix.pch */,
			);
			name = "Supporting Files";
			sourceTree = "<group>";
		};
/* End PBXGroup section */

/* Begin PBXHeadersBuildPhase section */
		C7E49ACD1624FF7900C01B83 /* Headers */ = {
			isa = PBXHeadersBuildPhase;
			buildActionMask = 2147483647;
			files = (
				C7E49AE21624FFC400C01B83 /* JHJAMLParser.h in Headers */,
				C7E49AE31624FFC400C01B83 /* JHJAMLHTMLDelegate.h in Headers */,
				C7E49AE41624FFC400C01B83 /* JHMulticastDelegate.h in Headers */,
			);
			runOnlyForDeploymentPostprocessing = 0;
		};
/* End PBXHeadersBuildPhase section */

/* Begin PBXNativeTarget section */
		C7628E681492EB7000DD3C34 /* jaml-parser */ = {
			isa = PBXNativeTarget;
			buildConfigurationList = C7628E781492EB7000DD3C34 /* Build configuration list for PBXNativeTarget "jaml-parser" */;
			buildPhases = (
				C7628E651492EB7000DD3C34 /* Sources */,
				C7628E661492EB7000DD3C34 /* Frameworks */,
				C7628E671492EB7000DD3C34 /* CopyFiles */,
			);
			buildRules = (
			);
			dependencies = (
			);
			name = "jaml-parser";
			productName = "jaml-parser";
			productReference = C7628E691492EB7000DD3C34 /* jaml-parser */;
			productType = "com.apple.product-type.tool";
		};
		C7E49ACF1624FF7900C01B83 /* JAMLParser */ = {
			isa = PBXNativeTarget;
			buildConfigurationList = C7E49ADC1624FF7900C01B83 /* Build configuration list for PBXNativeTarget "JAMLParser" */;
			buildPhases = (
				C7E49ACB1624FF7900C01B83 /* Sources */,
				C7E49ACC1624FF7900C01B83 /* Frameworks */,
				C7E49ACD1624FF7900C01B83 /* Headers */,
				C7E49ACE1624FF7900C01B83 /* Resources */,
			);
			buildRules = (
			);
			dependencies = (
			);
			name = JAMLParser;
			productName = JAMLParser;
			productReference = C7E49AD01624FF7900C01B83 /* JAMLParser.framework */;
			productType = "com.apple.product-type.framework";
		};
/* End PBXNativeTarget section */

/* Begin PBXProject section */
		C7628E601492EB7000DD3C34 /* Project object */ = {
			isa = PBXProject;
			attributes = {
				LastUpgradeCheck = 0440;
				ORGANIZATIONNAME = Student;
			};
			buildConfigurationList = C7628E631492EB7000DD3C34 /* Build configuration list for PBXProject "jaml-parser" */;
			compatibilityVersion = "Xcode 3.2";
			developmentRegion = English;
			hasScannedForEncodings = 0;
			knownRegions = (
				en,
			);
			mainGroup = C7628E5E1492EB7000DD3C34;
			productRefGroup = C7628E6A1492EB7000DD3C34 /* Products */;
			projectDirPath = "";
			projectRoot = "";
			targets = (
				C7628E681492EB7000DD3C34 /* jaml-parser */,
				C7E49ACF1624FF7900C01B83 /* JAMLParser */,
			);
		};
/* End PBXProject section */

/* Begin PBXResourcesBuildPhase section */
		C7E49ACE1624FF7900C01B83 /* Resources */ = {
			isa = PBXResourcesBuildPhase;
			buildActionMask = 2147483647;
			files = (
				C7E49AD71624FF7900C01B83 /* InfoPlist.strings in Resources */,
			);
			runOnlyForDeploymentPostprocessing = 0;
		};
/* End PBXResourcesBuildPhase section */

/* Begin PBXSourcesBuildPhase section */
		C7628E651492EB7000DD3C34 /* Sources */ = {
			isa = PBXSourcesBuildPhase;
			buildActionMask = 2147483647;
			files = (
				C7628E711492EB7000DD3C34 /* main.m in Sources */,
				C7628E7F1492EBB100DD3C34 /* JHJAMLParser.m in Sources */,
				C7628E801492EBB100DD3C34 /* JHJAMLHTMLDelegate.m in Sources */,
				C72DE14C14A007C100E505D5 /* JHMulticastDelegate.m in Sources */,
			);
			runOnlyForDeploymentPostprocessing = 0;
		};
		C7E49ACB1624FF7900C01B83 /* Sources */ = {
			isa = PBXSourcesBuildPhase;
			buildActionMask = 2147483647;
			files = (
				C7E49ADF1624FFB300C01B83 /* JHJAMLParser.m in Sources */,
				C7E49AE01624FFB300C01B83 /* JHJAMLHTMLDelegate.m in Sources */,
				C7E49AE11624FFB300C01B83 /* JHMulticastDelegate.m in Sources */,
			);
			runOnlyForDeploymentPostprocessing = 0;
		};
/* End PBXSourcesBuildPhase section */

/* Begin PBXVariantGroup section */
		C7E49AD51624FF7900C01B83 /* InfoPlist.strings */ = {
			isa = PBXVariantGroup;
			children = (
				C7E49AD61624FF7900C01B83 /* en */,
			);
			name = InfoPlist.strings;
			sourceTree = "<group>";
		};
/* End PBXVariantGroup section */

/* Begin XCBuildConfiguration section */
		C7628E761492EB7000DD3C34 /* Debug */ = {
			isa = XCBuildConfiguration;
			buildSettings = {
				ALWAYS_SEARCH_USER_PATHS = NO;
				ARCHS = "$(ARCHS_STANDARD_64_BIT)";
				CLANG_ENABLE_OBJC_ARC = YES;
				COPY_PHASE_STRIP = NO;
				GCC_C_LANGUAGE_STANDARD = gnu99;
				GCC_DYNAMIC_NO_PIC = NO;
				GCC_ENABLE_OBJC_EXCEPTIONS = YES;
				GCC_OPTIMIZATION_LEVEL = 0;
				GCC_PREPROCESSOR_DEFINITIONS = (
					"DEBUG=1",
					"$(inherited)",
				);
				GCC_SYMBOLS_PRIVATE_EXTERN = NO;
				GCC_VERSION = com.apple.compilers.llvm.clang.1_0;
				GCC_WARN_64_TO_32_BIT_CONVERSION = YES;
				GCC_WARN_ABOUT_MISSING_PROTOTYPES = YES;
				GCC_WARN_ABOUT_RETURN_TYPE = YES;
				GCC_WARN_UNUSED_VARIABLE = YES;
				MACOSX_DEPLOYMENT_TARGET = 10.7;
				ONLY_ACTIVE_ARCH = YES;
				SDKROOT = macosx;
			};
			name = Debug;
		};
		C7628E771492EB7000DD3C34 /* Release */ = {
			isa = XCBuildConfiguration;
			buildSettings = {
				ALWAYS_SEARCH_USER_PATHS = NO;
				ARCHS = "$(ARCHS_STANDARD_64_BIT)";
				CLANG_ENABLE_OBJC_ARC = YES;
				COPY_PHASE_STRIP = YES;
				DEBUG_INFORMATION_FORMAT = "dwarf-with-dsym";
				GCC_C_LANGUAGE_STANDARD = gnu99;
				GCC_ENABLE_OBJC_EXCEPTIONS = YES;
				GCC_VERSION = com.apple.compilers.llvm.clang.1_0;
				GCC_WARN_64_TO_32_BIT_CONVERSION = YES;
				GCC_WARN_ABOUT_MISSING_PROTOTYPES = YES;
				GCC_WARN_ABOUT_RETURN_TYPE = YES;
				GCC_WARN_UNUSED_VARIABLE = YES;
				MACOSX_DEPLOYMENT_TARGET = 10.7;
				SDKROOT = macosx;
			};
			name = Release;
		};
		C7628E791492EB7000DD3C34 /* Debug */ = {
			isa = XCBuildConfiguration;
			buildSettings = {
				GCC_PRECOMPILE_PREFIX_HEADER = YES;
				GCC_PREFIX_HEADER = "jaml-parser/jaml-parser-Prefix.pch";
				PRODUCT_NAME = "$(TARGET_NAME)";
			};
			name = Debug;
		};
		C7628E7A1492EB7000DD3C34 /* Release */ = {
			isa = XCBuildConfiguration;
			buildSettings = {
				GCC_PRECOMPILE_PREFIX_HEADER = YES;
				GCC_PREFIX_HEADER = "jaml-parser/jaml-parser-Prefix.pch";
				PRODUCT_NAME = "$(TARGET_NAME)";
			};
			name = Release;
		};
		C7E49ADD1624FF7900C01B83 /* Debug */ = {
			isa = XCBuildConfiguration;
			buildSettings = {
				CLANG_CXX_LANGUAGE_STANDARD = "gnu++0x";
				CLANG_WARN__DUPLICATE_METHOD_MATCH = YES;
				COMBINE_HIDPI_IMAGES = YES;
				DYLIB_COMPATIBILITY_VERSION = 1;
				DYLIB_CURRENT_VERSION = 1;
				FRAMEWORK_VERSION = A;
				GCC_PRECOMPILE_PREFIX_HEADER = YES;
				GCC_PREFIX_HEADER = "JAMLParser/JAMLParser-Prefix.pch";
				GCC_WARN_UNINITIALIZED_AUTOS = YES;
				INFOPLIST_FILE = "JAMLParser/JAMLParser-Info.plist";
				MACOSX_DEPLOYMENT_TARGET = 10.8;
				PRODUCT_NAME = "$(TARGET_NAME)";
				WRAPPER_EXTENSION = framework;
			};
			name = Debug;
		};
		C7E49ADE1624FF7900C01B83 /* Release */ = {
			isa = XCBuildConfiguration;
			buildSettings = {
				CLANG_CXX_LANGUAGE_STANDARD = "gnu++0x";
				CLANG_WARN__DUPLICATE_METHOD_MATCH = YES;
				COMBINE_HIDPI_IMAGES = YES;
				DYLIB_COMPATIBILITY_VERSION = 1;
				DYLIB_CURRENT_VERSION = 1;
				FRAMEWORK_VERSION = A;
				GCC_PRECOMPILE_PREFIX_HEADER = YES;
				GCC_PREFIX_HEADER = "JAMLParser/JAMLParser-Prefix.pch";
				GCC_WARN_UNINITIALIZED_AUTOS = YES;
				INFOPLIST_FILE = "JAMLParser/JAMLParser-Info.plist";
				MACOSX_DEPLOYMENT_TARGET = 10.8;
				PRODUCT_NAME = "$(TARGET_NAME)";
				WRAPPER_EXTENSION = framework;
			};
			name = Release;
		};
/* End XCBuildConfiguration section */

/* Begin XCConfigurationList section */
		C7628E631492EB7000DD3C34 /* Build configuration list for PBXProject "jaml-parser" */ = {
			isa = XCConfigurationList;
			buildConfigurations = (
				C7628E761492EB7000DD3C34 /* Debug */,
				C7628E771492EB7000DD3C34 /* Release */,
			);
			defaultConfigurationIsVisible = 0;
			defaultConfigurationName = Release;
		};
		C7628E781492EB7000DD3C34 /* Build configuration list for PBXNativeTarget "jaml-parser" */ = {
			isa = XCConfigurationList;
			buildConfigurations = (
				C7628E791492EB7000DD3C34 /* Debug */,
				C7628E7A1492EB7000DD3C34 /* Release */,
			);
			defaultConfigurationIsVisible = 0;
			defaultConfigurationName = Release;
		};
		C7E49ADC1624FF7900C01B83 /* Build configuration list for PBXNativeTarget "JAMLParser" */ = {
			isa = XCConfigurationList;
			buildConfigurations = (
				C7E49ADD1624FF7900C01B83 /* Debug */,
				C7E49ADE1624FF7900C01B83 /* Release */,
			);
			defaultConfigurationIsVisible = 0;
		};
/* End XCConfigurationList section */
	};
	rootObject = C7628E601492EB7000DD3C34 /* Project object */;
}
